
Microsoft Visual Studio Solution File, Format Version 12.00
# Visual Studio 15
VisualStudioVersion = 15.0.28010.2019
MinimumVisualStudioVersion = 10.0.40219.1
Project("{9A19103F-16F7-4668-BE54-9A1E7A4F7556}") = "Api", "Api\Api.csproj", "{DBF91017-6E26-4543-8181-619ACA8E6D55}"
EndProject
Project("{9A19103F-16F7-4668-BE54-9A1E7A4F7556}") = "Domain", "Domain\Domain.csproj", "{CE8E12F8-00EC-44CC-8023-CEFCD4E5FD3C}"
EndProject
Project("{9A19103F-16F7-4668-BE54-9A1E7A4F7556}") = "ConsoleApp", "ConsoleApp\ConsoleApp.csproj", "{26B0EC09-FBD5-4A79-99A6-5DB4867A31F9}"
EndProject
Project("{9A19103F-16F7-4668-BE54-9A1E7A4F7556}") = "Infrastructure", "Infrastructure\Infrastructure.csproj", "{FC240AF2-CBDB-49C6-B84D-376C38364107}"
EndProject
Global
	GlobalSection(SolutionConfigurationPlatforms) = preSolution
		Debug|Any CPU = Debug|Any CPU
		Release|Any CPU = Release|Any CPU
	EndGlobalSection
	GlobalSection(ProjectConfigurationPlatforms) = postSolution
		{DBF91017-6E26-4543-8181-619ACA8E6D55}.Debug|Any CPU.ActiveCfg = Debug|Any CPU
		{DBF91017-6E26-4543-8181-619ACA8E6D55}.Debug|Any CPU.Build.0 = Debug|Any CPU
		{DBF91017-6E26-4543-8181-619ACA8E6D55}.Release|Any CPU.ActiveCfg = Release|Any CPU
		{DBF91017-6E26-4543-8181-619ACA8E6D55}.Release|Any CPU.Build.0 = Release|Any CPU
		{CE8E12F8-00EC-44CC-8023-CEFCD4E5FD3C}.Debug|Any CPU.ActiveCfg = Debug|Any CPU
		{CE8E12F8-00EC-44CC-8023-CEFCD4E5FD3C}.Debug|Any CPU.Build.0 = Debug|Any CPU
		{CE8E12F8-00EC-44CC-8023-CEFCD4E5FD3C}.Release|Any CPU.ActiveCfg = Release|Any CPU
		{CE8E12F8-00EC-44CC-8023-CEFCD4E5FD3C}.Release|Any CPU.Build.0 = Release|Any CPU
		{26B0EC09-FBD5-4A79-99A6-5DB4867A31F9}.Debug|Any CPU.ActiveCfg = Debug|Any CPU
		{26B0EC09-FBD5-4A79-99A6-5DB4867A31F9}.Debug|Any CPU.Build.0 = Debug|Any CPU
		{26B0EC09-FBD5-4A79-99A6-5DB4867A31F9}.Release|Any CPU.ActiveCfg = Release|Any CPU
		{26B0EC09-FBD5-4A79-99A6-5DB4867A31F9}.Release|Any CPU.Build.0 = Release|Any CPU
		{FC240AF2-CBDB-49C6-B84D-376C38364107}.Debug|Any CPU.ActiveCfg = Debug|Any CPU
		{FC240AF2-CBDB-49C6-B84D-376C38364107}.Debug|Any CPU.Build.0 = Debug|Any CPU
		{FC240AF2-CBDB-49C6-B84D-376C38364107}.Release|Any CPU.ActiveCfg = Release|Any CPU
		{FC240AF2-CBDB-49C6-B84D-376C38364107}.Release|Any CPU.Build.0 = Release|Any CPU
	EndGlobalSection
	GlobalSection(SolutionProperties) = preSolution
		HideSolutionNode = FALSE
	EndGlobalSection
	GlobalSection(ExtensibilityGlobals) = postSolution
		SolutionGuid = {4449C54E-A17A-400F-8C84-A0F6D15FED95}
	EndGlobalSection
EndGlobal
