
Microsoft Visual Studio Solution File, Format Version 12.00
# Visual Studio 15
VisualStudioVersion = 15.0.28307.489
MinimumVisualStudioVersion = 10.0.40219.1
Project("{9A19103F-16F7-4668-BE54-9A1E7A4F7556}") = "Api", "Api\Api.csproj", "{009DD835-18FB-4743-B6D8-61CE93967D6F}"
EndProject
Project("{9A19103F-16F7-4668-BE54-9A1E7A4F7556}") = "Domain", "Domain\Domain.csproj", "{BD76F0C0-6D5F-49BE-8E8E-804D52713C2F}"
EndProject
Project("{9A19103F-16F7-4668-BE54-9A1E7A4F7556}") = "Infrastructure", "Infrastructure\Infrastructure.csproj", "{27E5B25F-5C7E-4E62-8DE2-EA2FE9665A55}"
EndProject
Project("{FAE04EC0-301F-11D3-BF4B-00C04F79EFBC}") = "Tests", "Tests\Tests.csproj", "{11B64639-28C1-4B0A-879B-1580A459BEBC}"
EndProject
Global
	GlobalSection(SolutionConfigurationPlatforms) = preSolution
		Debug|Any CPU = Debug|Any CPU
		Release|Any CPU = Release|Any CPU
	EndGlobalSection
	GlobalSection(ProjectConfigurationPlatforms) = postSolution
		{009DD835-18FB-4743-B6D8-61CE93967D6F}.Debug|Any CPU.ActiveCfg = Debug|Any CPU
		{009DD835-18FB-4743-B6D8-61CE93967D6F}.Debug|Any CPU.Build.0 = Debug|Any CPU
		{009DD835-18FB-4743-B6D8-61CE93967D6F}.Release|Any CPU.ActiveCfg = Release|Any CPU
		{009DD835-18FB-4743-B6D8-61CE93967D6F}.Release|Any CPU.Build.0 = Release|Any CPU
		{BD76F0C0-6D5F-49BE-8E8E-804D52713C2F}.Debug|Any CPU.ActiveCfg = Debug|Any CPU
		{BD76F0C0-6D5F-49BE-8E8E-804D52713C2F}.Debug|Any CPU.Build.0 = Debug|Any CPU
		{BD76F0C0-6D5F-49BE-8E8E-804D52713C2F}.Release|Any CPU.ActiveCfg = Release|Any CPU
		{BD76F0C0-6D5F-49BE-8E8E-804D52713C2F}.Release|Any CPU.Build.0 = Release|Any CPU
		{27E5B25F-5C7E-4E62-8DE2-EA2FE9665A55}.Debug|Any CPU.ActiveCfg = Debug|Any CPU
		{27E5B25F-5C7E-4E62-8DE2-EA2FE9665A55}.Debug|Any CPU.Build.0 = Debug|Any CPU
		{27E5B25F-5C7E-4E62-8DE2-EA2FE9665A55}.Release|Any CPU.ActiveCfg = Release|Any CPU
		{27E5B25F-5C7E-4E62-8DE2-EA2FE9665A55}.Release|Any CPU.Build.0 = Release|Any CPU
		{11B64639-28C1-4B0A-879B-1580A459BEBC}.Debug|Any CPU.ActiveCfg = Debug|Any CPU
		{11B64639-28C1-4B0A-879B-1580A459BEBC}.Debug|Any CPU.Build.0 = Debug|Any CPU
		{11B64639-28C1-4B0A-879B-1580A459BEBC}.Release|Any CPU.ActiveCfg = Release|Any CPU
		{11B64639-28C1-4B0A-879B-1580A459BEBC}.Release|Any CPU.Build.0 = Release|Any CPU
	EndGlobalSection
	GlobalSection(SolutionProperties) = preSolution
		HideSolutionNode = FALSE
	EndGlobalSection
	GlobalSection(ExtensibilityGlobals) = postSolution
		SolutionGuid = {710FE765-499D-4BEE-B4DD-BC7CC3F20419}
	EndGlobalSection
EndGlobal
